{
  "name": "lr5-discord-dice-roller",
  "version": "1.0.0",
  "lockfileVersion": 1,
  "requires": true,
  "dependencies": {
    "@firebase/app": {
      "version": "0.1.1",
      "resolved": "https://registry.npmjs.org/@firebase/app/-/app-0.1.1.tgz",
      "integrity": "sha512-LoZj/Igo1PbfSorPRCozTlBhrFvOyxZsiMo2fLyDa2w/gdPbMucpWUi0vIBronR6T/yNJRWdZyyHOMieLtnjcw==",
      "requires": {
        "@firebase/util": "0.1.1"
      }
    },
    "@firebase/auth": {
      "version": "0.1.1",
      "resolved": "https://registry.npmjs.org/@firebase/auth/-/auth-0.1.1.tgz",
      "integrity": "sha512-bXytmXLUQBCSwOF+cpwDTMHAknFTnqxrnlqLaRpe43WM0YqHBBoJplSE6/JiNCPOr8Tn+TRLek/E2buqj4m7iA=="
    },
    "@firebase/database": {
      "version": "0.1.1",
      "resolved": "https://registry.npmjs.org/@firebase/database/-/database-0.1.1.tgz",
      "integrity": "sha512-h+RvSBkXZQVwkBj2tnFfdBV9ogWhCCBisoh08dmYse1weYa0oHzJ3sM4Het814JWVAPx3mcnF62bvPkokzWLkQ==",
      "requires": {
        "@firebase/util": "0.1.1",
        "faye-websocket": "0.9.3"
      }
    },
    "@firebase/firestore": {
      "version": "0.1.1",
      "resolved": "https://registry.npmjs.org/@firebase/firestore/-/firestore-0.1.1.tgz",
      "integrity": "sha512-ilfGcbt2kZDT6AoisxGKphy8m+gH4Izu+zEta43CI5oHxhYk+8SgCYHm62hpd+TDdRoe0XVzWxWwfn77KY+zxg==",
      "requires": {
        "@firebase/webchannel-wrapper": "0.2.3"
      }
    },
    "@firebase/messaging": {
      "version": "0.1.1",
      "resolved": "https://registry.npmjs.org/@firebase/messaging/-/messaging-0.1.1.tgz",
      "integrity": "sha512-zKGITSO1Yx2BN7xJqvbnWqYixLcOvFH9xzaJeDNOCx3MYWnSqquMKWvbBtHbOSpoQz5zlNWvJE6eqnG/tIOpmA==",
      "requires": {
        "@firebase/util": "0.1.1"
      }
    },
    "@firebase/polyfill": {
      "version": "0.1.1",
      "resolved": "https://registry.npmjs.org/@firebase/polyfill/-/polyfill-0.1.1.tgz",
      "integrity": "sha512-XvZzppOmu5NZvWkvxZuWpD5VeMhyhhlrMvyFAwlOeYrJKcBFkIbmSX46Pe5ttuXYp6EjrVia/Bh1h2h0NYgE7g==",
      "requires": {
        "promise-polyfill": "6.0.2"
      }
    },
    "@firebase/storage": {
      "version": "0.1.1",
      "resolved": "https://registry.npmjs.org/@firebase/storage/-/storage-0.1.1.tgz",
      "integrity": "sha512-ccnANSW/Sun8/pFssCdOsVQrdyDb/ReKU/P0rbDdU0LvnWkYEckegJrYSoDliHuht19qHSl5C062q82ZxReVRQ=="
    },
    "@firebase/util": {
      "version": "0.1.1",
      "resolved": "https://registry.npmjs.org/@firebase/util/-/util-0.1.1.tgz",
      "integrity": "sha512-HtJ3UEecoy2qjoTXwtp0tN4pVR+zH6+pSMtxLHSxgkAAExKsPJUp5W91O6LivjRdiakRwjMZEE9bVPFUCHDhlQ=="
    },
    "@firebase/webchannel-wrapper": {
      "version": "0.2.3",
      "resolved": "https://registry.npmjs.org/@firebase/webchannel-wrapper/-/webchannel-wrapper-0.2.3.tgz",
      "integrity": "sha512-EWSvoDVXmUwP1nP65ob1gEGiJi38Pv1e9dmL1DHBcupmYdST1cbYper6N2EVnCkzMIm2/EfZiGSL1nf8V4uiKg=="
    },
    "async-limiter": {
      "version": "1.0.0",
      "resolved": "https://registry.npmjs.org/async-limiter/-/async-limiter-1.0.0.tgz",
      "integrity": "sha512-jp/uFnooOiO+L211eZOoSyzpOITMXx1rBITauYykG3BRYPu8h0UcxsPNB04RR5vo4Tyz3+ay17tR6JVf9qzYWg=="
    },
    "discord.js": {
      "version": "11.2.1",
      "resolved": "https://registry.npmjs.org/discord.js/-/discord.js-11.2.1.tgz",
      "integrity": "sha512-8Mor+IREVWHinjRd6Bu6OwRfT+ET/WEoLWMl8crFvBVcTFmaO/TSwP39C8QIGCB2YMVMYMdljjX/w17AUMemqg==",
      "requires": {
        "long": "3.2.0",
        "prism-media": "0.0.1",
        "snekfetch": "3.5.2",
        "tweetnacl": "1.0.0",
        "ws": "3.2.0"
      }
    },
    "dom-storage": {
      "version": "2.0.2",
      "resolved": "https://registry.npmjs.org/dom-storage/-/dom-storage-2.0.2.tgz",
      "integrity": "sha1-7RfL9oq9EOCu+BgnE+KXxeS1ALA="
    },
    "faye-websocket": {
      "version": "0.9.3",
      "resolved": "https://registry.npmjs.org/faye-websocket/-/faye-websocket-0.9.3.tgz",
      "integrity": "sha1-SCpQWw3wrmJrlphm0710DNuWLoM=",
      "requires": {
        "websocket-driver": "0.7.0"
      }
    },
    "firebase": {
      "version": "4.5.2",
      "resolved": "https://registry.npmjs.org/firebase/-/firebase-4.5.2.tgz",
      "integrity": "sha512-s01ptWmFP8Rl5firQlUBX2rWN6/GA2+/i1jmCOFAjyvY+q6rbBp58emGATfKx3sHSS5rZWq/ttc5Ka4VuxBB/Q==",
      "requires": {
        "@firebase/app": "0.1.1",
        "@firebase/auth": "0.1.1",
        "@firebase/database": "0.1.1",
        "@firebase/firestore": "0.1.1",
        "@firebase/messaging": "0.1.1",
        "@firebase/polyfill": "0.1.1",
        "@firebase/storage": "0.1.1",
        "dom-storage": "2.0.2",
        "xmlhttprequest": "1.8.0"
      }
    },
    "http-parser-js": {
      "version": "0.4.9",
      "resolved": "https://registry.npmjs.org/http-parser-js/-/http-parser-js-0.4.9.tgz",
      "integrity": "sha1-6hoE+2St/wJC6ZdPKX3Uw8rSceE="
    },
    "long": {
      "version": "3.2.0",
      "resolved": "https://registry.npmjs.org/long/-/long-3.2.0.tgz",
      "integrity": "sha1-2CG3E4yhy1gcFymQ7xTbIAtcR0s="
    },
    "prism-media": {
      "version": "0.0.1",
      "resolved": "https://registry.npmjs.org/prism-media/-/prism-media-0.0.1.tgz",
      "integrity": "sha1-o0JcnKvVDRxsAuVDlBoRiVZnvRA="
    },
    "promise-polyfill": {
      "version": "6.0.2",
      "resolved": "https://registry.npmjs.org/promise-polyfill/-/promise-polyfill-6.0.2.tgz",
      "integrity": "sha1-2chtPcTcLfkBboiUbe/Wm0m0EWI="
    },
    "safe-buffer": {
      "version": "5.1.1",
      "resolved": "https://registry.npmjs.org/safe-buffer/-/safe-buffer-5.1.1.tgz",
      "integrity": "sha512-kKvNJn6Mm93gAczWVJg7wH+wGYWNrDHdWvpUmHyEsgCtIwwo3bqPtV4tR5tuPaUhTOo/kvhVwd8XwwOllGYkbg=="
    },
    "snekfetch": {
      "version": "3.5.2",
      "resolved": "https://registry.npmjs.org/snekfetch/-/snekfetch-3.5.2.tgz",
      "integrity": "sha512-UZ6NxkSHhXSDZT0p0hhDapFWEPAb1mtuR0VX+B7V5nDEizH+3ZkIAL/2xJLrKygx7Sc/j8E5012xcj1e/6W2aQ=="
    },
    "tweetnacl": {
      "version": "1.0.0",
      "resolved": "https://registry.npmjs.org/tweetnacl/-/tweetnacl-1.0.0.tgz",
      "integrity": "sha1-cT2LgY2kIGh0C/aDhtBHnmb8ins="
    },
    "ultron": {
      "version": "1.1.0",
      "resolved": "https://registry.npmjs.org/ultron/-/ultron-1.1.0.tgz",
      "integrity": "sha1-sHoualQagV/Go0zNRTO67DB8qGQ="
    },
    "websocket-driver": {
      "version": "0.7.0",
      "resolved": "https://registry.npmjs.org/websocket-driver/-/websocket-driver-0.7.0.tgz",
      "integrity": "sha1-DK+dLXVdk67gSdS90NP+LMoqJOs=",
      "requires": {
        "http-parser-js": "0.4.9",
        "websocket-extensions": "0.1.2"
      }
    },
    "websocket-extensions": {
      "version": "0.1.2",
      "resolved": "https://registry.npmjs.org/websocket-extensions/-/websocket-extensions-0.1.2.tgz",
      "integrity": "sha1-Dhh4HeYpoYMIzhSBZQ9n/6JpOl0="
    },
    "ws": {
      "version": "3.2.0",
      "resolved": "https://registry.npmjs.org/ws/-/ws-3.2.0.tgz",
      "integrity": "sha512-hTS3mkXm/j85jTQOIcwVz3yK3up9xHgPtgEhDBOH3G18LDOZmSAG1omJeXejLKJakx+okv8vS1sopgs7rw0kVw==",
      "requires": {
        "async-limiter": "1.0.0",
        "safe-buffer": "5.1.1",
        "ultron": "1.1.0"
      }
    },
    "xmlhttprequest": {
      "version": "1.8.0",
      "resolved": "https://registry.npmjs.org/xmlhttprequest/-/xmlhttprequest-1.8.0.tgz",
      "integrity": "sha1-Z/4HXFwk/vOfnWX197f+dRcZaPw="
    }
  }
}
